
Microsoft Visual Studio Solution File, Format Version 12.00
Project("{FAE04EC0-301F-11D3-BF4B-00C04F79EFBC}") = "TwoSum", "TwoSum\TwoSum.csproj", "{77EC37EF-0DC8-4524-A25E-2F173986C3CA}"
EndProject
Project("{FAE04EC0-301F-11D3-BF4B-00C04F79EFBC}") = "TwoSum.Tests", "TwoSum.Tests\TwoSum.Tests.csproj", "{873FF67B-7458-441D-B7EF-DBD707D61BD8}"
EndProject
Project("{FAE04EC0-301F-11D3-BF4B-00C04F79EFBC}") = "ValidAnagram", "ValidAnagram\ValidAnagram.csproj", "{CF002458-DD78-4E82-956F-670F0992675C}"
EndProject
Project("{FAE04EC0-301F-11D3-BF4B-00C04F79EFBC}") = "ValidAnagram.Tests", "ValidAnagram.Tests\ValidAnagram.Tests.csproj", "{DD2FC352-0464-4DAE-8A7A-0C3D900AD040}"
EndProject
Project("{FAE04EC0-301F-11D3-BF4B-00C04F79EFBC}") = "ContainsDuplicate", "ContainsDuplicate\ContainsDuplicate.csproj", "{49E5BACE-7E28-4A6B-A9DF-28ADADA552AE}"
EndProject
Project("{FAE04EC0-301F-11D3-BF4B-00C04F79EFBC}") = "ContainsDuplicate.Tests", "ContainsDuplicate.Tests\ContainsDuplicate.Tests.csproj", "{AFA104A7-31D7-45EB-852A-9A63AAC0E089}"
EndProject
Project("{FAE04EC0-301F-11D3-BF4B-00C04F79EFBC}") = "IsSubsequence", "IsSubsequence\IsSubsequence.csproj", "{F991AFE8-AA46-488C-B3CF-DE0801672E40}"
EndProject
Project("{FAE04EC0-301F-11D3-BF4B-00C04F79EFBC}") = "IsSubsequence.Tests", "IsSubsequence.Tests\IsSubsequence.Tests.csproj", "{B33967DE-6C58-4117-9BA3-34E7108AE7FD}"
EndProject
Project("{FAE04EC0-301F-11D3-BF4B-00C04F79EFBC}") = "LengthOfLastWord.Tests", "LengthOfLastWord.Tests\LengthOfLastWord.Tests.csproj", "{2924CDB4-7708-46D8-B751-540F300FA7C5}"
EndProject
Project("{FAE04EC0-301F-11D3-BF4B-00C04F79EFBC}") = "LengthOfLastWord", "LengthOfLastWord\LengthOfLastWord.csproj", "{2E12B80E-BF35-437F-9E22-276001818727}"
EndProject
Project("{FAE04EC0-301F-11D3-BF4B-00C04F79EFBC}") = "RemoveElement", "RemoveElement\RemoveElement.csproj", "{88408C59-AED3-4D15-85E7-51A1D46DD1AF}"
EndProject
Project("{FAE04EC0-301F-11D3-BF4B-00C04F79EFBC}") = "RemoveElement.Tests", "RemoveElement.Tests\RemoveElement.Tests.csproj", "{016E6EE8-DCF7-4561-9C30-DC3657D3CE52}"
EndProject
Project("{FAE04EC0-301F-11D3-BF4B-00C04F79EFBC}") = "IsomorphicStrings", "IsomorphicStrings\IsomorphicStrings.csproj", "{238D82BA-11DB-463F-8B6F-85D0F31A695B}"
EndProject
Project("{FAE04EC0-301F-11D3-BF4B-00C04F79EFBC}") = "IsomorphicStrings.Tests", "IsomorphicStrings.Tests\IsomorphicStrings.Tests.csproj", "{4BEC80EB-A24D-4D9B-8A08-C96607B98C4E}"
EndProject
Project("{FAE04EC0-301F-11D3-BF4B-00C04F79EFBC}") = "WordPattern", "WordPattern\WordPattern.csproj", "{FE0E2246-C272-4D65-AD68-11B3A8E1414E}"
EndProject
Project("{FAE04EC0-301F-11D3-BF4B-00C04F79EFBC}") = "WordPattern.Tests", "WordPattern.Tests\WordPattern.Tests.csproj", "{6475D302-5E1A-42FA-92A6-22E04478AD08}"
EndProject
Project("{FAE04EC0-301F-11D3-BF4B-00C04F79EFBC}") = "ReplaceElementsWithGreatestElementOnRightSide", "ReplaceElementsWithGreatestElementOnRightSide\ReplaceElementsWithGreatestElementOnRightSide.csproj", "{29701AC2-391E-40A9-84D4-5CB00801963D}"
EndProject
Project("{FAE04EC0-301F-11D3-BF4B-00C04F79EFBC}") = "ReplaceElementsWithGreatestElementOnRightSide.Tests", "ReplaceElementsWithGreatestElementOnRightSide.Tests\ReplaceElementsWithGreatestElementOnRightSide.Tests.csproj", "{B3924CA0-D969-473F-B5C0-BB6D381BCB2A}"
EndProject
Project("{FAE04EC0-301F-11D3-BF4B-00C04F79EFBC}") = "UniqueEmailAddresses", "UniqueEmailAddresses\UniqueEmailAddresses.csproj", "{A5BC381C-50D7-42BA-BEBD-48073FF49DA1}"
EndProject
Project("{FAE04EC0-301F-11D3-BF4B-00C04F79EFBC}") = "UniqueEmailAddresses.Tests", "UniqueEmailAddresses.Tests\UniqueEmailAddresses.Tests.csproj", "{5A4B8391-F1BE-4078-98D4-2417F66960D4}"
EndProject
Project("{FAE04EC0-301F-11D3-BF4B-00C04F79EFBC}") = "FindPivotIndex", "FindPivotIndex\FindPivotIndex.csproj", "{1733CB0B-3720-4C96-B7C5-FAAABC1E00A6}"
EndProject
Project("{FAE04EC0-301F-11D3-BF4B-00C04F79EFBC}") = "FindPivotIndex.Tests", "FindPivotIndex.Tests\FindPivotIndex.Tests.csproj", "{376FE7A7-107F-4E04-862A-743734A55886}"
EndProject
Project("{FAE04EC0-301F-11D3-BF4B-00C04F79EFBC}") = "ValidPalindrome", "ValidPalindrome\ValidPalindrome.csproj", "{65F83F86-B822-4F72-90BA-02AA38E3FADA}"
EndProject
Project("{FAE04EC0-301F-11D3-BF4B-00C04F79EFBC}") = "ValidPalindrome.Tests", "ValidPalindrome.Tests\ValidPalindrome.Tests.csproj", "{146361E5-3F55-4635-94D1-2C665222FB14}"
EndProject
Project("{FAE04EC0-301F-11D3-BF4B-00C04F79EFBC}") = "MergeSortedArray", "MergeSortedArray\MergeSortedArray.csproj", "{1F20A36B-BC48-448E-B94E-3619D2381DD5}"
EndProject
Project("{FAE04EC0-301F-11D3-BF4B-00C04F79EFBC}") = "MergeSortedArray.Tests", "MergeSortedArray.Tests\MergeSortedArray.Tests.csproj", "{D67CF280-7A9D-4018-AF3C-E987F1F2284F}"
EndProject
Project("{FAE04EC0-301F-11D3-BF4B-00C04F79EFBC}") = "ValidParentheses", "ValidParentheses\ValidParentheses.csproj", "{7D03F3FD-1F13-4505-937A-5A6683753F18}"
EndProject
Project("{FAE04EC0-301F-11D3-BF4B-00C04F79EFBC}") = "ValidParentheses.Tests", "ValidParentheses.Tests\ValidParentheses.Tests.csproj", "{4BAED76D-D5B5-4FFC-B7C3-0A4FE443E980}"
EndProject
Global
	GlobalSection(SolutionConfigurationPlatforms) = preSolution
		Debug|Any CPU = Debug|Any CPU
		Release|Any CPU = Release|Any CPU
	EndGlobalSection
	GlobalSection(ProjectConfigurationPlatforms) = postSolution
		{77EC37EF-0DC8-4524-A25E-2F173986C3CA}.Debug|Any CPU.ActiveCfg = Debug|Any CPU
		{77EC37EF-0DC8-4524-A25E-2F173986C3CA}.Debug|Any CPU.Build.0 = Debug|Any CPU
		{77EC37EF-0DC8-4524-A25E-2F173986C3CA}.Release|Any CPU.ActiveCfg = Release|Any CPU
		{77EC37EF-0DC8-4524-A25E-2F173986C3CA}.Release|Any CPU.Build.0 = Release|Any CPU
		{873FF67B-7458-441D-B7EF-DBD707D61BD8}.Debug|Any CPU.ActiveCfg = Debug|Any CPU
		{873FF67B-7458-441D-B7EF-DBD707D61BD8}.Debug|Any CPU.Build.0 = Debug|Any CPU
		{873FF67B-7458-441D-B7EF-DBD707D61BD8}.Release|Any CPU.ActiveCfg = Release|Any CPU
		{873FF67B-7458-441D-B7EF-DBD707D61BD8}.Release|Any CPU.Build.0 = Release|Any CPU
		{CF002458-DD78-4E82-956F-670F0992675C}.Debug|Any CPU.ActiveCfg = Debug|Any CPU
		{CF002458-DD78-4E82-956F-670F0992675C}.Debug|Any CPU.Build.0 = Debug|Any CPU
		{CF002458-DD78-4E82-956F-670F0992675C}.Release|Any CPU.ActiveCfg = Release|Any CPU
		{CF002458-DD78-4E82-956F-670F0992675C}.Release|Any CPU.Build.0 = Release|Any CPU
		{DD2FC352-0464-4DAE-8A7A-0C3D900AD040}.Debug|Any CPU.ActiveCfg = Debug|Any CPU
		{DD2FC352-0464-4DAE-8A7A-0C3D900AD040}.Debug|Any CPU.Build.0 = Debug|Any CPU
		{DD2FC352-0464-4DAE-8A7A-0C3D900AD040}.Release|Any CPU.ActiveCfg = Release|Any CPU
		{DD2FC352-0464-4DAE-8A7A-0C3D900AD040}.Release|Any CPU.Build.0 = Release|Any CPU
		{49E5BACE-7E28-4A6B-A9DF-28ADADA552AE}.Debug|Any CPU.ActiveCfg = Debug|Any CPU
		{49E5BACE-7E28-4A6B-A9DF-28ADADA552AE}.Debug|Any CPU.Build.0 = Debug|Any CPU
		{49E5BACE-7E28-4A6B-A9DF-28ADADA552AE}.Release|Any CPU.ActiveCfg = Release|Any CPU
		{49E5BACE-7E28-4A6B-A9DF-28ADADA552AE}.Release|Any CPU.Build.0 = Release|Any CPU
		{AFA104A7-31D7-45EB-852A-9A63AAC0E089}.Debug|Any CPU.ActiveCfg = Debug|Any CPU
		{AFA104A7-31D7-45EB-852A-9A63AAC0E089}.Debug|Any CPU.Build.0 = Debug|Any CPU
		{AFA104A7-31D7-45EB-852A-9A63AAC0E089}.Release|Any CPU.ActiveCfg = Release|Any CPU
		{AFA104A7-31D7-45EB-852A-9A63AAC0E089}.Release|Any CPU.Build.0 = Release|Any CPU
		{F991AFE8-AA46-488C-B3CF-DE0801672E40}.Debug|Any CPU.ActiveCfg = Debug|Any CPU
		{F991AFE8-AA46-488C-B3CF-DE0801672E40}.Debug|Any CPU.Build.0 = Debug|Any CPU
		{F991AFE8-AA46-488C-B3CF-DE0801672E40}.Release|Any CPU.ActiveCfg = Release|Any CPU
		{F991AFE8-AA46-488C-B3CF-DE0801672E40}.Release|Any CPU.Build.0 = Release|Any CPU
		{B33967DE-6C58-4117-9BA3-34E7108AE7FD}.Debug|Any CPU.ActiveCfg = Debug|Any CPU
		{B33967DE-6C58-4117-9BA3-34E7108AE7FD}.Debug|Any CPU.Build.0 = Debug|Any CPU
		{B33967DE-6C58-4117-9BA3-34E7108AE7FD}.Release|Any CPU.ActiveCfg = Release|Any CPU
		{B33967DE-6C58-4117-9BA3-34E7108AE7FD}.Release|Any CPU.Build.0 = Release|Any CPU
		{2924CDB4-7708-46D8-B751-540F300FA7C5}.Debug|Any CPU.ActiveCfg = Debug|Any CPU
		{2924CDB4-7708-46D8-B751-540F300FA7C5}.Debug|Any CPU.Build.0 = Debug|Any CPU
		{2924CDB4-7708-46D8-B751-540F300FA7C5}.Release|Any CPU.ActiveCfg = Release|Any CPU
		{2924CDB4-7708-46D8-B751-540F300FA7C5}.Release|Any CPU.Build.0 = Release|Any CPU
		{2E12B80E-BF35-437F-9E22-276001818727}.Debug|Any CPU.ActiveCfg = Debug|Any CPU
		{2E12B80E-BF35-437F-9E22-276001818727}.Debug|Any CPU.Build.0 = Debug|Any CPU
		{2E12B80E-BF35-437F-9E22-276001818727}.Release|Any CPU.ActiveCfg = Release|Any CPU
		{2E12B80E-BF35-437F-9E22-276001818727}.Release|Any CPU.Build.0 = Release|Any CPU
		{88408C59-AED3-4D15-85E7-51A1D46DD1AF}.Debug|Any CPU.ActiveCfg = Debug|Any CPU
		{88408C59-AED3-4D15-85E7-51A1D46DD1AF}.Debug|Any CPU.Build.0 = Debug|Any CPU
		{88408C59-AED3-4D15-85E7-51A1D46DD1AF}.Release|Any CPU.ActiveCfg = Release|Any CPU
		{88408C59-AED3-4D15-85E7-51A1D46DD1AF}.Release|Any CPU.Build.0 = Release|Any CPU
		{016E6EE8-DCF7-4561-9C30-DC3657D3CE52}.Debug|Any CPU.ActiveCfg = Debug|Any CPU
		{016E6EE8-DCF7-4561-9C30-DC3657D3CE52}.Debug|Any CPU.Build.0 = Debug|Any CPU
		{016E6EE8-DCF7-4561-9C30-DC3657D3CE52}.Release|Any CPU.ActiveCfg = Release|Any CPU
		{016E6EE8-DCF7-4561-9C30-DC3657D3CE52}.Release|Any CPU.Build.0 = Release|Any CPU
		{238D82BA-11DB-463F-8B6F-85D0F31A695B}.Debug|Any CPU.ActiveCfg = Debug|Any CPU
		{238D82BA-11DB-463F-8B6F-85D0F31A695B}.Debug|Any CPU.Build.0 = Debug|Any CPU
		{238D82BA-11DB-463F-8B6F-85D0F31A695B}.Release|Any CPU.ActiveCfg = Release|Any CPU
		{238D82BA-11DB-463F-8B6F-85D0F31A695B}.Release|Any CPU.Build.0 = Release|Any CPU
		{4BEC80EB-A24D-4D9B-8A08-C96607B98C4E}.Debug|Any CPU.ActiveCfg = Debug|Any CPU
		{4BEC80EB-A24D-4D9B-8A08-C96607B98C4E}.Debug|Any CPU.Build.0 = Debug|Any CPU
		{4BEC80EB-A24D-4D9B-8A08-C96607B98C4E}.Release|Any CPU.ActiveCfg = Release|Any CPU
		{4BEC80EB-A24D-4D9B-8A08-C96607B98C4E}.Release|Any CPU.Build.0 = Release|Any CPU
		{FE0E2246-C272-4D65-AD68-11B3A8E1414E}.Debug|Any CPU.ActiveCfg = Debug|Any CPU
		{FE0E2246-C272-4D65-AD68-11B3A8E1414E}.Debug|Any CPU.Build.0 = Debug|Any CPU
		{FE0E2246-C272-4D65-AD68-11B3A8E1414E}.Release|Any CPU.ActiveCfg = Release|Any CPU
		{FE0E2246-C272-4D65-AD68-11B3A8E1414E}.Release|Any CPU.Build.0 = Release|Any CPU
		{6475D302-5E1A-42FA-92A6-22E04478AD08}.Debug|Any CPU.ActiveCfg = Debug|Any CPU
		{6475D302-5E1A-42FA-92A6-22E04478AD08}.Debug|Any CPU.Build.0 = Debug|Any CPU
		{6475D302-5E1A-42FA-92A6-22E04478AD08}.Release|Any CPU.ActiveCfg = Release|Any CPU
		{6475D302-5E1A-42FA-92A6-22E04478AD08}.Release|Any CPU.Build.0 = Release|Any CPU
		{29701AC2-391E-40A9-84D4-5CB00801963D}.Debug|Any CPU.ActiveCfg = Debug|Any CPU
		{29701AC2-391E-40A9-84D4-5CB00801963D}.Debug|Any CPU.Build.0 = Debug|Any CPU
		{29701AC2-391E-40A9-84D4-5CB00801963D}.Release|Any CPU.ActiveCfg = Release|Any CPU
		{29701AC2-391E-40A9-84D4-5CB00801963D}.Release|Any CPU.Build.0 = Release|Any CPU
		{B3924CA0-D969-473F-B5C0-BB6D381BCB2A}.Debug|Any CPU.ActiveCfg = Debug|Any CPU
		{B3924CA0-D969-473F-B5C0-BB6D381BCB2A}.Debug|Any CPU.Build.0 = Debug|Any CPU
		{B3924CA0-D969-473F-B5C0-BB6D381BCB2A}.Release|Any CPU.ActiveCfg = Release|Any CPU
		{B3924CA0-D969-473F-B5C0-BB6D381BCB2A}.Release|Any CPU.Build.0 = Release|Any CPU
		{A5BC381C-50D7-42BA-BEBD-48073FF49DA1}.Debug|Any CPU.ActiveCfg = Debug|Any CPU
		{A5BC381C-50D7-42BA-BEBD-48073FF49DA1}.Debug|Any CPU.Build.0 = Debug|Any CPU
		{A5BC381C-50D7-42BA-BEBD-48073FF49DA1}.Release|Any CPU.ActiveCfg = Release|Any CPU
		{A5BC381C-50D7-42BA-BEBD-48073FF49DA1}.Release|Any CPU.Build.0 = Release|Any CPU
		{5A4B8391-F1BE-4078-98D4-2417F66960D4}.Debug|Any CPU.ActiveCfg = Debug|Any CPU
		{5A4B8391-F1BE-4078-98D4-2417F66960D4}.Debug|Any CPU.Build.0 = Debug|Any CPU
		{5A4B8391-F1BE-4078-98D4-2417F66960D4}.Release|Any CPU.ActiveCfg = Release|Any CPU
		{5A4B8391-F1BE-4078-98D4-2417F66960D4}.Release|Any CPU.Build.0 = Release|Any CPU
		{1733CB0B-3720-4C96-B7C5-FAAABC1E00A6}.Debug|Any CPU.ActiveCfg = Debug|Any CPU
		{1733CB0B-3720-4C96-B7C5-FAAABC1E00A6}.Debug|Any CPU.Build.0 = Debug|Any CPU
		{1733CB0B-3720-4C96-B7C5-FAAABC1E00A6}.Release|Any CPU.ActiveCfg = Release|Any CPU
		{1733CB0B-3720-4C96-B7C5-FAAABC1E00A6}.Release|Any CPU.Build.0 = Release|Any CPU
		{376FE7A7-107F-4E04-862A-743734A55886}.Debug|Any CPU.ActiveCfg = Debug|Any CPU
		{376FE7A7-107F-4E04-862A-743734A55886}.Debug|Any CPU.Build.0 = Debug|Any CPU
		{376FE7A7-107F-4E04-862A-743734A55886}.Release|Any CPU.ActiveCfg = Release|Any CPU
		{376FE7A7-107F-4E04-862A-743734A55886}.Release|Any CPU.Build.0 = Release|Any CPU
		{65F83F86-B822-4F72-90BA-02AA38E3FADA}.Debug|Any CPU.ActiveCfg = Debug|Any CPU
		{65F83F86-B822-4F72-90BA-02AA38E3FADA}.Debug|Any CPU.Build.0 = Debug|Any CPU
		{65F83F86-B822-4F72-90BA-02AA38E3FADA}.Release|Any CPU.ActiveCfg = Release|Any CPU
		{65F83F86-B822-4F72-90BA-02AA38E3FADA}.Release|Any CPU.Build.0 = Release|Any CPU
		{146361E5-3F55-4635-94D1-2C665222FB14}.Debug|Any CPU.ActiveCfg = Debug|Any CPU
		{146361E5-3F55-4635-94D1-2C665222FB14}.Debug|Any CPU.Build.0 = Debug|Any CPU
		{146361E5-3F55-4635-94D1-2C665222FB14}.Release|Any CPU.ActiveCfg = Release|Any CPU
		{146361E5-3F55-4635-94D1-2C665222FB14}.Release|Any CPU.Build.0 = Release|Any CPU
		{1F20A36B-BC48-448E-B94E-3619D2381DD5}.Debug|Any CPU.ActiveCfg = Debug|Any CPU
		{1F20A36B-BC48-448E-B94E-3619D2381DD5}.Debug|Any CPU.Build.0 = Debug|Any CPU
		{1F20A36B-BC48-448E-B94E-3619D2381DD5}.Release|Any CPU.ActiveCfg = Release|Any CPU
		{1F20A36B-BC48-448E-B94E-3619D2381DD5}.Release|Any CPU.Build.0 = Release|Any CPU
		{D67CF280-7A9D-4018-AF3C-E987F1F2284F}.Debug|Any CPU.ActiveCfg = Debug|Any CPU
		{D67CF280-7A9D-4018-AF3C-E987F1F2284F}.Debug|Any CPU.Build.0 = Debug|Any CPU
		{D67CF280-7A9D-4018-AF3C-E987F1F2284F}.Release|Any CPU.ActiveCfg = Release|Any CPU
		{D67CF280-7A9D-4018-AF3C-E987F1F2284F}.Release|Any CPU.Build.0 = Release|Any CPU
		{7D03F3FD-1F13-4505-937A-5A6683753F18}.Debug|Any CPU.ActiveCfg = Debug|Any CPU
		{7D03F3FD-1F13-4505-937A-5A6683753F18}.Debug|Any CPU.Build.0 = Debug|Any CPU
		{7D03F3FD-1F13-4505-937A-5A6683753F18}.Release|Any CPU.ActiveCfg = Release|Any CPU
		{7D03F3FD-1F13-4505-937A-5A6683753F18}.Release|Any CPU.Build.0 = Release|Any CPU
		{4BAED76D-D5B5-4FFC-B7C3-0A4FE443E980}.Debug|Any CPU.ActiveCfg = Debug|Any CPU
		{4BAED76D-D5B5-4FFC-B7C3-0A4FE443E980}.Debug|Any CPU.Build.0 = Debug|Any CPU
		{4BAED76D-D5B5-4FFC-B7C3-0A4FE443E980}.Release|Any CPU.ActiveCfg = Release|Any CPU
		{4BAED76D-D5B5-4FFC-B7C3-0A4FE443E980}.Release|Any CPU.Build.0 = Release|Any CPU
	EndGlobalSection
EndGlobal
