
Microsoft Visual Studio Solution File, Format Version 12.00
Project("{FAE04EC0-301F-11D3-BF4B-00C04F79EFBC}") = "TwoSum", "TwoSum\TwoSum.csproj", "{77EC37EF-0DC8-4524-A25E-2F173986C3CA}"
EndProject
Project("{FAE04EC0-301F-11D3-BF4B-00C04F79EFBC}") = "TwoSum.Tests", "TwoSum.Tests\TwoSum.Tests.csproj", "{873FF67B-7458-441D-B7EF-DBD707D61BD8}"
EndProject
Project("{FAE04EC0-301F-11D3-BF4B-00C04F79EFBC}") = "ValidAnagram", "ValidAnagram\ValidAnagram.csproj", "{CF002458-DD78-4E82-956F-670F0992675C}"
EndProject
Project("{FAE04EC0-301F-11D3-BF4B-00C04F79EFBC}") = "ValidAnagram.Tests", "ValidAnagram.Tests\ValidAnagram.Tests.csproj", "{DD2FC352-0464-4DAE-8A7A-0C3D900AD040}"
EndProject
Project("{FAE04EC0-301F-11D3-BF4B-00C04F79EFBC}") = "ContainsDuplicate", "ContainsDuplicate\ContainsDuplicate.csproj", "{49E5BACE-7E28-4A6B-A9DF-28ADADA552AE}"
EndProject
Project("{FAE04EC0-301F-11D3-BF4B-00C04F79EFBC}") = "ContainsDuplicate.Tests", "ContainsDuplicate.Tests\ContainsDuplicate.Tests.csproj", "{AFA104A7-31D7-45EB-852A-9A63AAC0E089}"
EndProject
Project("{FAE04EC0-301F-11D3-BF4B-00C04F79EFBC}") = "IsSubsequence", "IsSubsequence\IsSubsequence.csproj", "{F991AFE8-AA46-488C-B3CF-DE0801672E40}"
EndProject
Project("{FAE04EC0-301F-11D3-BF4B-00C04F79EFBC}") = "IsSubsequence.Tests", "IsSubsequence.Tests\IsSubsequence.Tests.csproj", "{B33967DE-6C58-4117-9BA3-34E7108AE7FD}"
EndProject
Project("{FAE04EC0-301F-11D3-BF4B-00C04F79EFBC}") = "LengthOfLastWord.Tests", "LengthOfLastWord.Tests\LengthOfLastWord.Tests.csproj", "{2924CDB4-7708-46D8-B751-540F300FA7C5}"
EndProject
Project("{FAE04EC0-301F-11D3-BF4B-00C04F79EFBC}") = "LengthOfLastWord", "LengthOfLastWord\LengthOfLastWord.csproj", "{2E12B80E-BF35-437F-9E22-276001818727}"
EndProject
Project("{FAE04EC0-301F-11D3-BF4B-00C04F79EFBC}") = "RemoveElement", "RemoveElement\RemoveElement.csproj", "{88408C59-AED3-4D15-85E7-51A1D46DD1AF}"
EndProject
Project("{FAE04EC0-301F-11D3-BF4B-00C04F79EFBC}") = "RemoveElement.Tests", "RemoveElement.Tests\RemoveElement.Tests.csproj", "{016E6EE8-DCF7-4561-9C30-DC3657D3CE52}"
EndProject
Project("{FAE04EC0-301F-11D3-BF4B-00C04F79EFBC}") = "IsomorphicStrings", "IsomorphicStrings\IsomorphicStrings.csproj", "{238D82BA-11DB-463F-8B6F-85D0F31A695B}"
EndProject
Project("{FAE04EC0-301F-11D3-BF4B-00C04F79EFBC}") = "IsomorphicStrings.Tests", "IsomorphicStrings.Tests\IsomorphicStrings.Tests.csproj", "{4BEC80EB-A24D-4D9B-8A08-C96607B98C4E}"
EndProject
Global
	GlobalSection(SolutionConfigurationPlatforms) = preSolution
		Debug|Any CPU = Debug|Any CPU
		Release|Any CPU = Release|Any CPU
	EndGlobalSection
	GlobalSection(ProjectConfigurationPlatforms) = postSolution
		{77EC37EF-0DC8-4524-A25E-2F173986C3CA}.Debug|Any CPU.ActiveCfg = Debug|Any CPU
		{77EC37EF-0DC8-4524-A25E-2F173986C3CA}.Debug|Any CPU.Build.0 = Debug|Any CPU
		{77EC37EF-0DC8-4524-A25E-2F173986C3CA}.Release|Any CPU.ActiveCfg = Release|Any CPU
		{77EC37EF-0DC8-4524-A25E-2F173986C3CA}.Release|Any CPU.Build.0 = Release|Any CPU
		{873FF67B-7458-441D-B7EF-DBD707D61BD8}.Debug|Any CPU.ActiveCfg = Debug|Any CPU
		{873FF67B-7458-441D-B7EF-DBD707D61BD8}.Debug|Any CPU.Build.0 = Debug|Any CPU
		{873FF67B-7458-441D-B7EF-DBD707D61BD8}.Release|Any CPU.ActiveCfg = Release|Any CPU
		{873FF67B-7458-441D-B7EF-DBD707D61BD8}.Release|Any CPU.Build.0 = Release|Any CPU
		{CF002458-DD78-4E82-956F-670F0992675C}.Debug|Any CPU.ActiveCfg = Debug|Any CPU
		{CF002458-DD78-4E82-956F-670F0992675C}.Debug|Any CPU.Build.0 = Debug|Any CPU
		{CF002458-DD78-4E82-956F-670F0992675C}.Release|Any CPU.ActiveCfg = Release|Any CPU
		{CF002458-DD78-4E82-956F-670F0992675C}.Release|Any CPU.Build.0 = Release|Any CPU
		{DD2FC352-0464-4DAE-8A7A-0C3D900AD040}.Debug|Any CPU.ActiveCfg = Debug|Any CPU
		{DD2FC352-0464-4DAE-8A7A-0C3D900AD040}.Debug|Any CPU.Build.0 = Debug|Any CPU
		{DD2FC352-0464-4DAE-8A7A-0C3D900AD040}.Release|Any CPU.ActiveCfg = Release|Any CPU
		{DD2FC352-0464-4DAE-8A7A-0C3D900AD040}.Release|Any CPU.Build.0 = Release|Any CPU
		{49E5BACE-7E28-4A6B-A9DF-28ADADA552AE}.Debug|Any CPU.ActiveCfg = Debug|Any CPU
		{49E5BACE-7E28-4A6B-A9DF-28ADADA552AE}.Debug|Any CPU.Build.0 = Debug|Any CPU
		{49E5BACE-7E28-4A6B-A9DF-28ADADA552AE}.Release|Any CPU.ActiveCfg = Release|Any CPU
		{49E5BACE-7E28-4A6B-A9DF-28ADADA552AE}.Release|Any CPU.Build.0 = Release|Any CPU
		{AFA104A7-31D7-45EB-852A-9A63AAC0E089}.Debug|Any CPU.ActiveCfg = Debug|Any CPU
		{AFA104A7-31D7-45EB-852A-9A63AAC0E089}.Debug|Any CPU.Build.0 = Debug|Any CPU
		{AFA104A7-31D7-45EB-852A-9A63AAC0E089}.Release|Any CPU.ActiveCfg = Release|Any CPU
		{AFA104A7-31D7-45EB-852A-9A63AAC0E089}.Release|Any CPU.Build.0 = Release|Any CPU
		{F991AFE8-AA46-488C-B3CF-DE0801672E40}.Debug|Any CPU.ActiveCfg = Debug|Any CPU
		{F991AFE8-AA46-488C-B3CF-DE0801672E40}.Debug|Any CPU.Build.0 = Debug|Any CPU
		{F991AFE8-AA46-488C-B3CF-DE0801672E40}.Release|Any CPU.ActiveCfg = Release|Any CPU
		{F991AFE8-AA46-488C-B3CF-DE0801672E40}.Release|Any CPU.Build.0 = Release|Any CPU
		{B33967DE-6C58-4117-9BA3-34E7108AE7FD}.Debug|Any CPU.ActiveCfg = Debug|Any CPU
		{B33967DE-6C58-4117-9BA3-34E7108AE7FD}.Debug|Any CPU.Build.0 = Debug|Any CPU
		{B33967DE-6C58-4117-9BA3-34E7108AE7FD}.Release|Any CPU.ActiveCfg = Release|Any CPU
		{B33967DE-6C58-4117-9BA3-34E7108AE7FD}.Release|Any CPU.Build.0 = Release|Any CPU
		{2924CDB4-7708-46D8-B751-540F300FA7C5}.Debug|Any CPU.ActiveCfg = Debug|Any CPU
		{2924CDB4-7708-46D8-B751-540F300FA7C5}.Debug|Any CPU.Build.0 = Debug|Any CPU
		{2924CDB4-7708-46D8-B751-540F300FA7C5}.Release|Any CPU.ActiveCfg = Release|Any CPU
		{2924CDB4-7708-46D8-B751-540F300FA7C5}.Release|Any CPU.Build.0 = Release|Any CPU
		{2E12B80E-BF35-437F-9E22-276001818727}.Debug|Any CPU.ActiveCfg = Debug|Any CPU
		{2E12B80E-BF35-437F-9E22-276001818727}.Debug|Any CPU.Build.0 = Debug|Any CPU
		{2E12B80E-BF35-437F-9E22-276001818727}.Release|Any CPU.ActiveCfg = Release|Any CPU
		{2E12B80E-BF35-437F-9E22-276001818727}.Release|Any CPU.Build.0 = Release|Any CPU
		{88408C59-AED3-4D15-85E7-51A1D46DD1AF}.Debug|Any CPU.ActiveCfg = Debug|Any CPU
		{88408C59-AED3-4D15-85E7-51A1D46DD1AF}.Debug|Any CPU.Build.0 = Debug|Any CPU
		{88408C59-AED3-4D15-85E7-51A1D46DD1AF}.Release|Any CPU.ActiveCfg = Release|Any CPU
		{88408C59-AED3-4D15-85E7-51A1D46DD1AF}.Release|Any CPU.Build.0 = Release|Any CPU
		{016E6EE8-DCF7-4561-9C30-DC3657D3CE52}.Debug|Any CPU.ActiveCfg = Debug|Any CPU
		{016E6EE8-DCF7-4561-9C30-DC3657D3CE52}.Debug|Any CPU.Build.0 = Debug|Any CPU
		{016E6EE8-DCF7-4561-9C30-DC3657D3CE52}.Release|Any CPU.ActiveCfg = Release|Any CPU
		{016E6EE8-DCF7-4561-9C30-DC3657D3CE52}.Release|Any CPU.Build.0 = Release|Any CPU
		{238D82BA-11DB-463F-8B6F-85D0F31A695B}.Debug|Any CPU.ActiveCfg = Debug|Any CPU
		{238D82BA-11DB-463F-8B6F-85D0F31A695B}.Debug|Any CPU.Build.0 = Debug|Any CPU
		{238D82BA-11DB-463F-8B6F-85D0F31A695B}.Release|Any CPU.ActiveCfg = Release|Any CPU
		{238D82BA-11DB-463F-8B6F-85D0F31A695B}.Release|Any CPU.Build.0 = Release|Any CPU
		{4BEC80EB-A24D-4D9B-8A08-C96607B98C4E}.Debug|Any CPU.ActiveCfg = Debug|Any CPU
		{4BEC80EB-A24D-4D9B-8A08-C96607B98C4E}.Debug|Any CPU.Build.0 = Debug|Any CPU
		{4BEC80EB-A24D-4D9B-8A08-C96607B98C4E}.Release|Any CPU.ActiveCfg = Release|Any CPU
		{4BEC80EB-A24D-4D9B-8A08-C96607B98C4E}.Release|Any CPU.Build.0 = Release|Any CPU
	EndGlobalSection
EndGlobal
